
Microsoft Visual Studio Solution File, Format Version 12.00
# Visual Studio Version 17
VisualStudioVersion = 17.8.34316.72
MinimumVisualStudioVersion = 10.0.40219.1
Project("{9A19103F-16F7-4668-BE54-9A1E7A4F7556}") = "CarRepairShop", "CarRepairShop\CarRepairShop.csproj", "{45A53601-F3E0-4B8D-B35D-5C149B9D7B78}"
EndProject
Project("{9A19103F-16F7-4668-BE54-9A1E7A4F7556}") = "CarRepairShop.Core", "CarRepairShop.Core\CarRepairShop.Core.csproj", "{C499FE14-FB43-48F1-824E-BBCC449531B4}"
EndProject
Project("{9A19103F-16F7-4668-BE54-9A1E7A4F7556}") = "CarRepairShop.Infrastructure", "CarRepairShop.Infrastructure\CarRepairShop.Infrastructure.csproj", "{CF164D77-8C3A-40FC-9D40-C5D6876667E8}"
EndProject
Project("{FAE04EC0-301F-11D3-BF4B-00C04F79EFBC}") = "CarRepairShop.UnitTests", "CarRepairShop.UnitTests\CarRepairShop.UnitTests.csproj", "{5AF52509-A2CC-4365-B848-90621026C643}"
EndProject
Global
	GlobalSection(SolutionConfigurationPlatforms) = preSolution
		Debug|Any CPU = Debug|Any CPU
		Release|Any CPU = Release|Any CPU
	EndGlobalSection
	GlobalSection(ProjectConfigurationPlatforms) = postSolution
		{45A53601-F3E0-4B8D-B35D-5C149B9D7B78}.Debug|Any CPU.ActiveCfg = Debug|Any CPU
		{45A53601-F3E0-4B8D-B35D-5C149B9D7B78}.Debug|Any CPU.Build.0 = Debug|Any CPU
		{45A53601-F3E0-4B8D-B35D-5C149B9D7B78}.Release|Any CPU.ActiveCfg = Release|Any CPU
		{45A53601-F3E0-4B8D-B35D-5C149B9D7B78}.Release|Any CPU.Build.0 = Release|Any CPU
		{C499FE14-FB43-48F1-824E-BBCC449531B4}.Debug|Any CPU.ActiveCfg = Debug|Any CPU
		{C499FE14-FB43-48F1-824E-BBCC449531B4}.Debug|Any CPU.Build.0 = Debug|Any CPU
		{C499FE14-FB43-48F1-824E-BBCC449531B4}.Release|Any CPU.ActiveCfg = Release|Any CPU
		{C499FE14-FB43-48F1-824E-BBCC449531B4}.Release|Any CPU.Build.0 = Release|Any CPU
		{CF164D77-8C3A-40FC-9D40-C5D6876667E8}.Debug|Any CPU.ActiveCfg = Debug|Any CPU
		{CF164D77-8C3A-40FC-9D40-C5D6876667E8}.Debug|Any CPU.Build.0 = Debug|Any CPU
		{CF164D77-8C3A-40FC-9D40-C5D6876667E8}.Release|Any CPU.ActiveCfg = Release|Any CPU
		{CF164D77-8C3A-40FC-9D40-C5D6876667E8}.Release|Any CPU.Build.0 = Release|Any CPU
		{5AF52509-A2CC-4365-B848-90621026C643}.Debug|Any CPU.ActiveCfg = Debug|Any CPU
		{5AF52509-A2CC-4365-B848-90621026C643}.Debug|Any CPU.Build.0 = Debug|Any CPU
		{5AF52509-A2CC-4365-B848-90621026C643}.Release|Any CPU.ActiveCfg = Release|Any CPU
		{5AF52509-A2CC-4365-B848-90621026C643}.Release|Any CPU.Build.0 = Release|Any CPU
	EndGlobalSection
	GlobalSection(SolutionProperties) = preSolution
		HideSolutionNode = FALSE
	EndGlobalSection
	GlobalSection(ExtensibilityGlobals) = postSolution
		SolutionGuid = {394BB924-B6A7-47B6-9EBA-C9CDA897F726}
	EndGlobalSection
EndGlobal
